<?xml version="1.0" encoding="utf-8"?>
<Project ToolsVersion="4.0" xmlns="http://schemas.microsoft.com/developer/msbuild/2003">
  <ItemGroup>
    <Filter Include="Source Files">
      <UniqueIdentifier>{4FC737F1-C7A5-4376-A066-2A32D752A2FF}</UniqueIdentifier>
      <Extensions>cpp;c;cc;cxx;def;odl;idl;hpj;bat;asm;asmx</Extensions>
    </Filter>
    <Filter Include="Header Files">
      <UniqueIdentifier>{93995380-89BD-4b04-88EB-625FBE52EBFB}</UniqueIdentifier>
      <Extensions>h;hh;hpp;hxx;hm;inl;inc;xsd</Extensions>
    </Filter>
    <Filter Include="Resource Files">
      <UniqueIdentifier>{67DA6AB6-F800-4c08-8B7A-83BB121AAD01}</UniqueIdentifier>
      <Extensions>rc;ico;cur;bmp;dlg;rc2;rct;bin;rgs;gif;jpg;jpeg;jpe;resx;tiff;tif;png;wav;mfcribbon-ms</Extensions>
    </Filter>
    <Filter Include="Source Files\Extern">
      <UniqueIdentifier>{5f73c06c-ecf3-4d29-af9d-438bec08a864}</UniqueIdentifier>
    </Filter>
    <Filter Include="Source Files\Levels">
      <UniqueIdentifier>{076dc3ee-24e8-4099-8dfe-0823b09826f1}</UniqueIdentifier>
    </Filter>
    <Filter Include="Source Files\Bosses">
      <UniqueIdentifier>{c84bacf2-c1ae-4d61-93c5-baa0db5910e7}</UniqueIdentifier>
    </Filter>
    <Filter Include="Source Files\audio">
      <UniqueIdentifier>{0077a616-1950-4ac4-ac70-b5646e742585}</UniqueIdentifier>
    </Filter>
    <Filter Include="Header Files\Levels">
      <UniqueIdentifier>{ccfb8573-465f-4092-8db6-cb005d18da02}</UniqueIdentifier>
    </Filter>
    <Filter Include="Header Files\Bosses">
      <UniqueIdentifier>{3ee3d96b-983a-4c74-861e-c0ec02a625e1}</UniqueIdentifier>
    </Filter>
    <Filter Include="Header Files\audio">
      <UniqueIdentifier>{42fb1989-ff56-40bc-b617-d742f43d7989}</UniqueIdentifier>
    </Filter>
  </ItemGroup>
  <ItemGroup>
    <ClCompile Include="mod.cpp">
      <Filter>Source Files</Filter>
    </ClCompile>
    <ClCompile Include="stdafx.cpp">
      <Filter>Source Files</Filter>
    </ClCompile>
    <ClCompile Include="..\sadx-mod-loader\libmodutils\LandTableInfo.cpp">
      <Filter>Source Files\Extern</Filter>
    </ClCompile>
    <ClCompile Include="..\sadx-mod-loader\libmodutils\ModelInfo.cpp">
      <Filter>Source Files\Extern</Filter>
    </ClCompile>
    <ClCompile Include="Utils.cpp">
      <Filter>Source Files</Filter>
    </ClCompile>
    <ClCompile Include="CharactersSettings.cpp">
      <Filter>Source Files</Filter>
    </ClCompile>
    <ClCompile Include="Common_Startup.cpp">
      <Filter>Source Files</Filter>
    </ClCompile>
    <ClCompile Include="credits.cpp">
      <Filter>Source Files</Filter>
    </ClCompile>
    <ClCompile Include="Race.cpp">
      <Filter>Source Files</Filter>
    </ClCompile>
    <ClCompile Include="AISettings.cpp">
      <Filter>Source Files</Filter>
    </ClCompile>
    <ClCompile Include="StageSettings.cpp">
      <Filter>Source Files</Filter>
    </ClCompile>
    <ClCompile Include="Chao.cpp">
      <Filter>Source Files</Filter>
    </ClCompile>
    <ClCompile Include="AdventureFlags.cpp">
      <Filter>Source Files</Filter>
    </ClCompile>
    <ClCompile Include="Randomizer_Main.cpp">
      <Filter>Source Files</Filter>
    </ClCompile>
    <ClCompile Include="Missions.cpp">
      <Filter>Source Files</Filter>
    </ClCompile>
    <ClCompile Include="BackRing.cpp">
      <Filter>Source Files</Filter>
    </ClCompile>
    <ClCompile Include="00_HedgehogHammer.cpp">
      <Filter>Source Files\Levels</Filter>
    </ClCompile>
    <ClCompile Include="01_EmeraldCoast.cpp">
      <Filter>Source Files\Levels</Filter>
    </ClCompile>
    <ClCompile Include="02_WindyValley.cpp">
      <Filter>Source Files\Levels</Filter>
    </ClCompile>
    <ClCompile Include="03_TwinklePark.cpp">
      <Filter>Source Files\Levels</Filter>
    </ClCompile>
    <ClCompile Include="04_SpeedHighway.cpp">
      <Filter>Source Files\Levels</Filter>
    </ClCompile>
    <ClCompile Include="05_RedMountain.cpp">
      <Filter>Source Files\Levels</Filter>
    </ClCompile>
    <ClCompile Include="06_SkyDeck.cpp">
      <Filter>Source Files\Levels</Filter>
    </ClCompile>
    <ClCompile Include="07_LostWorld.cpp">
      <Filter>Source Files\Levels</Filter>
    </ClCompile>
    <ClCompile Include="08_IceCap.cpp">
      <Filter>Source Files\Levels</Filter>
    </ClCompile>
    <ClCompile Include="09_Casino.cpp">
      <Filter>Source Files\Levels</Filter>
    </ClCompile>
    <ClCompile Include="10_FinalEgg.cpp">
      <Filter>Source Files\Levels</Filter>
    </ClCompile>
    <ClCompile Include="12_HotShelter.cpp">
      <Filter>Source Files\Levels</Filter>
    </ClCompile>
    <ClCompile Include="Chaos0.cpp">
      <Filter>Source Files\Bosses</Filter>
    </ClCompile>
    <ClCompile Include="Chaos2.cpp">
      <Filter>Source Files\Bosses</Filter>
    </ClCompile>
    <ClCompile Include="Chaos4.cpp">
      <Filter>Source Files\Bosses</Filter>
    </ClCompile>
    <ClCompile Include="Chaos6.cpp">
      <Filter>Source Files\Bosses</Filter>
    </ClCompile>
    <ClCompile Include="e101.cpp">
      <Filter>Source Files\Bosses</Filter>
    </ClCompile>
    <ClCompile Include="EggHornet.cpp">
      <Filter>Source Files\Bosses</Filter>
    </ClCompile>
    <ClCompile Include="EggViper.cpp">
      <Filter>Source Files\Bosses</Filter>
    </ClCompile>
    <ClCompile Include="EggWalker.cpp">
      <Filter>Source Files\Bosses</Filter>
    </ClCompile>
    <ClCompile Include="Zero.cpp">
      <Filter>Source Files\Bosses</Filter>
    </ClCompile>
    <ClCompile Include="PerfectChaos.cpp">
      <Filter>Source Files\Bosses</Filter>
    </ClCompile>
    <ClCompile Include="sound.cpp">
      <Filter>Source Files\audio</Filter>
    </ClCompile>
    <ClCompile Include="Common_Functions.cpp">
      <Filter>Source Files</Filter>
    </ClCompile>
    <ClCompile Include="Music.cpp">
      <Filter>Source Files\audio</Filter>
    </ClCompile>
    <ClCompile Include="Voices.cpp">
      <Filter>Source Files\audio</Filter>
    </ClCompile>
    <ClCompile Include="ResultScreen.cpp">
      <Filter>Source Files</Filter>
    </ClCompile>
    <ClCompile Include="ObjectCommon.cpp">
      <Filter>Source Files</Filter>
    </ClCompile>
    <ClCompile Include="Level.cpp">
      <Filter>Source Files\Levels</Filter>
    </ClCompile>
    <ClCompile Include="38_SandHill.cpp">
      <Filter>Source Files\Levels</Filter>
    </ClCompile>
    <ClCompile Include="TreasureHunting.cpp">
      <Filter>Source Files</Filter>
    </ClCompile>
    <ClCompile Include="Cutscene.cpp">
      <Filter>Source Files</Filter>
    </ClCompile>
    <ClCompile Include="subtitles.cpp">
      <Filter>Source Files</Filter>
    </ClCompile>
  </ItemGroup>
  <ItemGroup>
    <ClInclude Include="data\ActsSettings.h">
      <Filter>Header Files</Filter>
    </ClInclude>
    <ClInclude Include="data\CharactersSettings.h">
      <Filter>Header Files</Filter>
    </ClInclude>
    <ClInclude Include="RandomHelpers.h">
      <Filter>Header Files</Filter>
    </ClInclude>
    <ClInclude Include="data\chao.h">
      <Filter>Header Files</Filter>
    </ClInclude>
    <ClInclude Include="Credits.h">
      <Filter>Header Files</Filter>
    </ClInclude>
    <ClInclude Include="StageSettings.h">
      <Filter>Header Files</Filter>
    </ClInclude>
    <ClInclude Include="Cutscene.h">
      <Filter>Header Files</Filter>
    </ClInclude>
    <ClInclude Include="data\EggHornet.h">
      <Filter>Header Files\Bosses</Filter>
    </ClInclude>
    <ClInclude Include="data\EggViper.h">
      <Filter>Header Files\Bosses</Filter>
    </ClInclude>
    <ClInclude Include="data\EggWalker.h">
      <Filter>Header Files\Bosses</Filter>
    </ClInclude>
    <ClInclude Include="data\Chaos6.h">
      <Filter>Header Files\Bosses</Filter>
    </ClInclude>
    <ClInclude Include="data\Chaos2.h">
      <Filter>Header Files\Bosses</Filter>
    </ClInclude>
    <ClInclude Include="data\Chaos0.h">
      <Filter>Header Files\Bosses</Filter>
    </ClInclude>
    <ClInclude Include="data\chaos4.h">
      <Filter>Header Files\Bosses</Filter>
    </ClInclude>
    <ClInclude Include="data\Zero.h">
      <Filter>Header Files\Bosses</Filter>
    </ClInclude>
    <ClInclude Include="data\HS.h">
      <Filter>Header Files\Levels</Filter>
    </ClInclude>
    <ClInclude Include="data\SD.h">
      <Filter>Header Files\Levels</Filter>
    </ClInclude>
    <ClInclude Include="data\SandHill.h">
      <Filter>Header Files\Levels</Filter>
    </ClInclude>
    <ClInclude Include="data\RM.h">
      <Filter>Header Files\Levels</Filter>
    </ClInclude>
    <ClInclude Include="data\IceCap.h">
      <Filter>Header Files\Levels</Filter>
    </ClInclude>
    <ClInclude Include="sound.h">
      <Filter>Header Files\audio</Filter>
    </ClInclude>
    <ClInclude Include="data\Common.h">
      <Filter>Header Files</Filter>
    </ClInclude>
    <ClInclude Include="E101.h">
      <Filter>Header Files\Bosses</Filter>
    </ClInclude>
    <ClInclude Include="stdafx.h">
      <Filter>Header Files</Filter>
    </ClInclude>
    <ClInclude Include="targetver.h">
      <Filter>Header Files</Filter>
    </ClInclude>
    <ClInclude Include="subtitles.h">
      <Filter>Header Files</Filter>
    </ClInclude>
    <ClInclude Include="Cas.h">
      <Filter>Header Files\Levels</Filter>
    </ClInclude>
  </ItemGroup>
</Project>